
Microsoft Visual Studio Solution File, Format Version 12.00
# Visual Studio 15
VisualStudioVersion = 15.0.28307.2092
MinimumVisualStudioVersion = 10.0.40219.1
Project("{8BC9CEB8-8B4A-11D0-8D11-00A0C91BC942}") = "homework3.18", "homework3.18\homework3.18.vcxproj", "{9DF4F690-17B4-487B-B377-47F875AB409C}"
EndProject
Global
	GlobalSection(SolutionConfigurationPlatforms) = preSolution
		Debug|x64 = Debug|x64
		Debug|x86 = Debug|x86
		Release|x64 = Release|x64
		Release|x86 = Release|x86
	EndGlobalSection
	GlobalSection(ProjectConfigurationPlatforms) = postSolution
		{9DF4F690-17B4-487B-B377-47F875AB409C}.Debug|x64.ActiveCfg = Debug|x64
		{9DF4F690-17B4-487B-B377-47F875AB409C}.Debug|x64.Build.0 = Debug|x64
		{9DF4F690-17B4-487B-B377-47F875AB409C}.Debug|x86.ActiveCfg = Debug|Win32
		{9DF4F690-17B4-487B-B377-47F875AB409C}.Debug|x86.Build.0 = Debug|Win32
		{9DF4F690-17B4-487B-B377-47F875AB409C}.Release|x64.ActiveCfg = Release|x64
		{9DF4F690-17B4-487B-B377-47F875AB409C}.Release|x64.Build.0 = Release|x64
		{9DF4F690-17B4-487B-B377-47F875AB409C}.Release|x86.ActiveCfg = Release|Win32
		{9DF4F690-17B4-487B-B377-47F875AB409C}.Release|x86.Build.0 = Release|Win32
	EndGlobalSection
	GlobalSection(SolutionProperties) = preSolution
		HideSolutionNode = FALSE
	EndGlobalSection
	GlobalSection(ExtensibilityGlobals) = postSolution
		SolutionGuid = {833ADD5D-5E13-4E72-8BA8-B86A1E3E1A56}
	EndGlobalSection
EndGlobal
