
Microsoft Visual Studio Solution File, Format Version 12.00
# Visual Studio 15
VisualStudioVersion = 15.0.28307.2092
MinimumVisualStudioVersion = 10.0.40219.1
Project("{8BC9CEB8-8B4A-11D0-8D11-00A0C91BC942}") = "homework4.31", "homework4.31\homework4.31.vcxproj", "{34842ED5-C8EB-49B2-B78C-771EE1F06CF7}"
EndProject
Global
	GlobalSection(SolutionConfigurationPlatforms) = preSolution
		Debug|x64 = Debug|x64
		Debug|x86 = Debug|x86
		Release|x64 = Release|x64
		Release|x86 = Release|x86
	EndGlobalSection
	GlobalSection(ProjectConfigurationPlatforms) = postSolution
		{34842ED5-C8EB-49B2-B78C-771EE1F06CF7}.Debug|x64.ActiveCfg = Debug|x64
		{34842ED5-C8EB-49B2-B78C-771EE1F06CF7}.Debug|x64.Build.0 = Debug|x64
		{34842ED5-C8EB-49B2-B78C-771EE1F06CF7}.Debug|x86.ActiveCfg = Debug|Win32
		{34842ED5-C8EB-49B2-B78C-771EE1F06CF7}.Debug|x86.Build.0 = Debug|Win32
		{34842ED5-C8EB-49B2-B78C-771EE1F06CF7}.Release|x64.ActiveCfg = Release|x64
		{34842ED5-C8EB-49B2-B78C-771EE1F06CF7}.Release|x64.Build.0 = Release|x64
		{34842ED5-C8EB-49B2-B78C-771EE1F06CF7}.Release|x86.ActiveCfg = Release|Win32
		{34842ED5-C8EB-49B2-B78C-771EE1F06CF7}.Release|x86.Build.0 = Release|Win32
	EndGlobalSection
	GlobalSection(SolutionProperties) = preSolution
		HideSolutionNode = FALSE
	EndGlobalSection
	GlobalSection(ExtensibilityGlobals) = postSolution
		SolutionGuid = {9579F20F-D9BE-4904-8717-786BC048B697}
	EndGlobalSection
EndGlobal
